// !$*UTF8*$!
{
	archiveVersion = 1;
	classes = {
	};
	objectVersion = 50;
	objects = {

/* Begin PBXBuildFile section */
		501B6DFF22C538A3006BB56D /* AppDelegate.swift in Sources */ = {isa = PBXBuildFile; fileRef = 501B6DFE22C538A3006BB56D /* AppDelegate.swift */; };
		501B6E0122C538A3006BB56D /* ViewController.swift in Sources */ = {isa = PBXBuildFile; fileRef = 501B6E0022C538A3006BB56D /* ViewController.swift */; };
		501B6E0422C538A3006BB56D /* Main.storyboard in Resources */ = {isa = PBXBuildFile; fileRef = 501B6E0222C538A3006BB56D /* Main.storyboard */; };
		501B6E0622C538A6006BB56D /* Assets.xcassets in Resources */ = {isa = PBXBuildFile; fileRef = 501B6E0522C538A6006BB56D /* Assets.xcassets */; };
		501B6E0922C538A6006BB56D /* LaunchScreen.storyboard in Resources */ = {isa = PBXBuildFile; fileRef = 501B6E0722C538A6006BB56D /* LaunchScreen.storyboard */; };
		501B6E1422C538A6006BB56D /* AplicacionClimaTests.swift in Sources */ = {isa = PBXBuildFile; fileRef = 501B6E1322C538A6006BB56D /* AplicacionClimaTests.swift */; };
		501B6E1F22C538A6006BB56D /* AplicacionClimaUITests.swift in Sources */ = {isa = PBXBuildFile; fileRef = 501B6E1E22C538A6006BB56D /* AplicacionClimaUITests.swift */; };
		501B6E2D22C53F4E006BB56D /* APIClient.swift in Sources */ = {isa = PBXBuildFile; fileRef = 501B6E2C22C53F4E006BB56D /* APIClient.swift */; };
/* End PBXBuildFile section */

/* Begin PBXContainerItemProxy section */
		501B6E1022C538A6006BB56D /* PBXContainerItemProxy */ = {
			isa = PBXContainerItemProxy;
			containerPortal = 501B6DF322C538A3006BB56D /* Project object */;
			proxyType = 1;
			remoteGlobalIDString = 501B6DFA22C538A3006BB56D;
			remoteInfo = AplicacionClima;
		};
		501B6E1B22C538A6006BB56D /* PBXContainerItemProxy */ = {
			isa = PBXContainerItemProxy;
			containerPortal = 501B6DF322C538A3006BB56D /* Project object */;
			proxyType = 1;
			remoteGlobalIDString = 501B6DFA22C538A3006BB56D;
			remoteInfo = AplicacionClima;
		};
/* End PBXContainerItemProxy section */

/* Begin PBXFileReference section */
		501B6DFB22C538A3006BB56D /* AplicacionClima.app */ = {isa = PBXFileReference; explicitFileType = wrapper.application; includeInIndex = 0; path = AplicacionClima.app; sourceTree = BUILT_PRODUCTS_DIR; };
		501B6DFE22C538A3006BB56D /* AppDelegate.swift */ = {isa = PBXFileReference; lastKnownFileType = sourcecode.swift; path = AppDelegate.swift; sourceTree = "<group>"; };
		501B6E0022C538A3006BB56D /* ViewController.swift */ = {isa = PBXFileReference; lastKnownFileType = sourcecode.swift; path = ViewController.swift; sourceTree = "<group>"; };
		501B6E0322C538A3006BB56D /* Base */ = {isa = PBXFileReference; lastKnownFileType = file.storyboard; name = Base; path = Base.lproj/Main.storyboard; sourceTree = "<group>"; };
		501B6E0522C538A6006BB56D /* Assets.xcassets */ = {isa = PBXFileReference; lastKnownFileType = folder.assetcatalog; path = Assets.xcassets; sourceTree = "<group>"; };
		501B6E0822C538A6006BB56D /* Base */ = {isa = PBXFileReference; lastKnownFileType = file.storyboard; name = Base; path = Base.lproj/LaunchScreen.storyboard; sourceTree = "<group>"; };
		501B6E0A22C538A6006BB56D /* Info.plist */ = {isa = PBXFileReference; lastKnownFileType = text.plist.xml; path = Info.plist; sourceTree = "<group>"; };
		501B6E0F22C538A6006BB56D /* AplicacionClimaTests.xctest */ = {isa = PBXFileReference; explicitFileType = wrapper.cfbundle; includeInIndex = 0; path = AplicacionClimaTests.xctest; sourceTree = BUILT_PRODUCTS_DIR; };
		501B6E1322C538A6006BB56D /* AplicacionClimaTests.swift */ = {isa = PBXFileReference; lastKnownFileType = sourcecode.swift; path = AplicacionClimaTests.swift; sourceTree = "<group>"; };
		501B6E1522C538A6006BB56D /* Info.plist */ = {isa = PBXFileReference; lastKnownFileType = text.plist.xml; path = Info.plist; sourceTree = "<group>"; };
		501B6E1A22C538A6006BB56D /* AplicacionClimaUITests.xctest */ = {isa = PBXFileReference; explicitFileType = wrapper.cfbundle; includeInIndex = 0; path = AplicacionClimaUITests.xctest; sourceTree = BUILT_PRODUCTS_DIR; };
		501B6E1E22C538A6006BB56D /* AplicacionClimaUITests.swift */ = {isa = PBXFileReference; lastKnownFileType = sourcecode.swift; path = AplicacionClimaUITests.swift; sourceTree = "<group>"; };
		501B6E2022C538A6006BB56D /* Info.plist */ = {isa = PBXFileReference; lastKnownFileType = text.plist.xml; path = Info.plist; sourceTree = "<group>"; };
		501B6E2C22C53F4E006BB56D /* APIClient.swift */ = {isa = PBXFileReference; lastKnownFileType = sourcecode.swift; path = APIClient.swift; sourceTree = "<group>"; };
/* End PBXFileReference section */

/* Begin PBXFrameworksBuildPhase section */
		501B6DF822C538A3006BB56D /* Frameworks */ = {
			isa = PBXFrameworksBuildPhase;
			buildActionMask = 2147483647;
			files = (
			);
			runOnlyForDeploymentPostprocessing = 0;
		};
		501B6E0C22C538A6006BB56D /* Frameworks */ = {
			isa = PBXFrameworksBuildPhase;
			buildActionMask = 2147483647;
			files = (
			);
			runOnlyForDeploymentPostprocessing = 0;
		};
		501B6E1722C538A6006BB56D /* Frameworks */ = {
			isa = PBXFrameworksBuildPhase;
			buildActionMask = 2147483647;
			files = (
			);
			runOnlyForDeploymentPostprocessing = 0;
		};
/* End PBXFrameworksBuildPhase section */

/* Begin PBXGroup section */
		501B6DF222C538A3006BB56D = {
			isa = PBXGroup;
			children = (
				501B6DFD22C538A3006BB56D /* AplicacionClima */,
				501B6E1222C538A6006BB56D /* AplicacionClimaTests */,
				501B6E1D22C538A6006BB56D /* AplicacionClimaUITests */,
				501B6DFC22C538A3006BB56D /* Products */,
			);
			sourceTree = "<group>";
		};
		501B6DFC22C538A3006BB56D /* Products */ = {
			isa = PBXGroup;
			children = (
				501B6DFB22C538A3006BB56D /* AplicacionClima.app */,
				501B6E0F22C538A6006BB56D /* AplicacionClimaTests.xctest */,
				501B6E1A22C538A6006BB56D /* AplicacionClimaUITests.xctest */,
			);
			name = Products;
			sourceTree = "<group>";
		};
		501B6DFD22C538A3006BB56D /* AplicacionClima */ = {
			isa = PBXGroup;
			children = (
				501B6DFE22C538A3006BB56D /* AppDelegate.swift */,
				501B6E0022C538A3006BB56D /* ViewController.swift */,
				501B6E0222C538A3006BB56D /* Main.storyboard */,
				501B6E0522C538A6006BB56D /* Assets.xcassets */,
				501B6E0722C538A6006BB56D /* LaunchScreen.storyboard */,
				501B6E0A22C538A6006BB56D /* Info.plist */,
				501B6E2C22C53F4E006BB56D /* APIClient.swift */,
			);
			path = AplicacionClima;
			sourceTree = "<group>";
		};
		501B6E1222C538A6006BB56D /* AplicacionClimaTests */ = {
			isa = PBXGroup;
			children = (
				501B6E1322C538A6006BB56D /* AplicacionClimaTests.swift */,
				501B6E1522C538A6006BB56D /* Info.plist */,
			);
			path = AplicacionClimaTests;
			sourceTree = "<group>";
		};
		501B6E1D22C538A6006BB56D /* AplicacionClimaUITests */ = {
			isa = PBXGroup;
			children = (
				501B6E1E22C538A6006BB56D /* AplicacionClimaUITests.swift */,
				501B6E2022C538A6006BB56D /* Info.plist */,
			);
			path = AplicacionClimaUITests;
			sourceTree = "<group>";
		};
/* End PBXGroup section */

/* Begin PBXNativeTarget section */
		501B6DFA22C538A3006BB56D /* AplicacionClima */ = {
			isa = PBXNativeTarget;
			buildConfigurationList = 501B6E2322C538A6006BB56D /* Build configuration list for PBXNativeTarget "AplicacionClima" */;
			buildPhases = (
				501B6DF722C538A3006BB56D /* Sources */,
				501B6DF822C538A3006BB56D /* Frameworks */,
				501B6DF922C538A3006BB56D /* Resources */,
			);
			buildRules = (
			);
			dependencies = (
			);
			name = AplicacionClima;
			productName = AplicacionClima;
			productReference = 501B6DFB22C538A3006BB56D /* AplicacionClima.app */;
			productType = "com.apple.product-type.application";
		};
		501B6E0E22C538A6006BB56D /* AplicacionClimaTests */ = {
			isa = PBXNativeTarget;
			buildConfigurationList = 501B6E2622C538A6006BB56D /* Build configuration list for PBXNativeTarget "AplicacionClimaTests" */;
			buildPhases = (
				501B6E0B22C538A6006BB56D /* Sources */,
				501B6E0C22C538A6006BB56D /* Frameworks */,
				501B6E0D22C538A6006BB56D /* Resources */,
			);
			buildRules = (
			);
			dependencies = (
				501B6E1122C538A6006BB56D /* PBXTargetDependency */,
			);
			name = AplicacionClimaTests;
			productName = AplicacionClimaTests;
			productReference = 501B6E0F22C538A6006BB56D /* AplicacionClimaTests.xctest */;
			productType = "com.apple.product-type.bundle.unit-test";
		};
		501B6E1922C538A6006BB56D /* AplicacionClimaUITests */ = {
			isa = PBXNativeTarget;
			buildConfigurationList = 501B6E2922C538A6006BB56D /* Build configuration list for PBXNativeTarget "AplicacionClimaUITests" */;
			buildPhases = (
				501B6E1622C538A6006BB56D /* Sources */,
				501B6E1722C538A6006BB56D /* Frameworks */,
				501B6E1822C538A6006BB56D /* Resources */,
			);
			buildRules = (
			);
			dependencies = (
				501B6E1C22C538A6006BB56D /* PBXTargetDependency */,
			);
			name = AplicacionClimaUITests;
			productName = AplicacionClimaUITests;
			productReference = 501B6E1A22C538A6006BB56D /* AplicacionClimaUITests.xctest */;
			productType = "com.apple.product-type.bundle.ui-testing";
		};
/* End PBXNativeTarget section */

/* Begin PBXProject section */
		501B6DF322C538A3006BB56D /* Project object */ = {
			isa = PBXProject;
			attributes = {
				LastSwiftUpdateCheck = 1020;
				LastUpgradeCheck = 1020;
				ORGANIZATIONNAME = Rodrigo;
				TargetAttributes = {
					501B6DFA22C538A3006BB56D = {
						CreatedOnToolsVersion = 10.2.1;
					};
					501B6E0E22C538A6006BB56D = {
						CreatedOnToolsVersion = 10.2.1;
						TestTargetID = 501B6DFA22C538A3006BB56D;
					};
					501B6E1922C538A6006BB56D = {
						CreatedOnToolsVersion = 10.2.1;
						TestTargetID = 501B6DFA22C538A3006BB56D;
					};
				};
			};
			buildConfigurationList = 501B6DF622C538A3006BB56D /* Build configuration list for PBXProject "AplicacionClima" */;
			compatibilityVersion = "Xcode 9.3";
			developmentRegion = en;
			hasScannedForEncodings = 0;
			knownRegions = (
				en,
				Base,
			);
			mainGroup = 501B6DF222C538A3006BB56D;
			productRefGroup = 501B6DFC22C538A3006BB56D /* Products */;
			projectDirPath = "";
			projectRoot = "";
			targets = (
				501B6DFA22C538A3006BB56D /* AplicacionClima */,
				501B6E0E22C538A6006BB56D /* AplicacionClimaTests */,
				501B6E1922C538A6006BB56D /* AplicacionClimaUITests */,
			);
		};
/* End PBXProject section */

/* Begin PBXResourcesBuildPhase section */
		501B6DF922C538A3006BB56D /* Resources */ = {
			isa = PBXResourcesBuildPhase;
			buildActionMask = 2147483647;
			files = (
				501B6E0922C538A6006BB56D /* LaunchScreen.storyboard in Resources */,
				501B6E0622C538A6006BB56D /* Assets.xcassets in Resources */,
				501B6E0422C538A3006BB56D /* Main.storyboard in Resources */,
			);
			runOnlyForDeploymentPostprocessing = 0;
		};
		501B6E0D22C538A6006BB56D /* Resources */ = {
			isa = PBXResourcesBuildPhase;
			buildActionMask = 2147483647;
			files = (
			);
			runOnlyForDeploymentPostprocessing = 0;
		};
		501B6E1822C538A6006BB56D /* Resources */ = {
			isa = PBXResourcesBuildPhase;
			buildActionMask = 2147483647;
			files = (
			);
			runOnlyForDeploymentPostprocessing = 0;
		};
/* End PBXResourcesBuildPhase section */

/* Begin PBXSourcesBuildPhase section */
		501B6DF722C538A3006BB56D /* Sources */ = {
			isa = PBXSourcesBuildPhase;
			buildActionMask = 2147483647;
			files = (
				501B6E0122C538A3006BB56D /* ViewController.swift in Sources */,
				501B6DFF22C538A3006BB56D /* AppDelegate.swift in Sources */,
				501B6E2D22C53F4E006BB56D /* APIClient.swift in Sources */,
			);
			runOnlyForDeploymentPostprocessing = 0;
		};
		501B6E0B22C538A6006BB56D /* Sources */ = {
			isa = PBXSourcesBuildPhase;
			buildActionMask = 2147483647;
			files = (
				501B6E1422C538A6006BB56D /* AplicacionClimaTests.swift in Sources */,
			);
			runOnlyForDeploymentPostprocessing = 0;
		};
		501B6E1622C538A6006BB56D /* Sources */ = {
			isa = PBXSourcesBuildPhase;
			buildActionMask = 2147483647;
			files = (
				501B6E1F22C538A6006BB56D /* AplicacionClimaUITests.swift in Sources */,
			);
			runOnlyForDeploymentPostprocessing = 0;
		};
/* End PBXSourcesBuildPhase section */

/* Begin PBXTargetDependency section */
		501B6E1122C538A6006BB56D /* PBXTargetDependency */ = {
			isa = PBXTargetDependency;
			target = 501B6DFA22C538A3006BB56D /* AplicacionClima */;
			targetProxy = 501B6E1022C538A6006BB56D /* PBXContainerItemProxy */;
		};
		501B6E1C22C538A6006BB56D /* PBXTargetDependency */ = {
			isa = PBXTargetDependency;
			target = 501B6DFA22C538A3006BB56D /* AplicacionClima */;
			targetProxy = 501B6E1B22C538A6006BB56D /* PBXContainerItemProxy */;
		};
/* End PBXTargetDependency section */

/* Begin PBXVariantGroup section */
		501B6E0222C538A3006BB56D /* Main.storyboard */ = {
			isa = PBXVariantGroup;
			children = (
				501B6E0322C538A3006BB56D /* Base */,
			);
			name = Main.storyboard;
			sourceTree = "<group>";
		};
		501B6E0722C538A6006BB56D /* LaunchScreen.storyboard */ = {
			isa = PBXVariantGroup;
			children = (
				501B6E0822C538A6006BB56D /* Base */,
			);
			name = LaunchScreen.storyboard;
			sourceTree = "<group>";
		};
/* End PBXVariantGroup section */

/* Begin XCBuildConfiguration section */
		501B6E2122C538A6006BB56D /* Debug */ = {
			isa = XCBuildConfiguration;
			buildSettings = {
				ALWAYS_SEARCH_USER_PATHS = NO;
				CLANG_ANALYZER_NONNULL = YES;
				CLANG_ANALYZER_NUMBER_OBJECT_CONVERSION = YES_AGGRESSIVE;
				CLANG_CXX_LANGUAGE_STANDARD = "gnu++14";
				CLANG_CXX_LIBRARY = "libc++";
				CLANG_ENABLE_MODULES = YES;
				CLANG_ENABLE_OBJC_ARC = YES;
				CLANG_ENABLE_OBJC_WEAK = YES;
				CLANG_WARN_BLOCK_CAPTURE_AUTORELEASING = YES;
				CLANG_WARN_BOOL_CONVERSION = YES;
				CLANG_WARN_COMMA = YES;
				CLANG_WARN_CONSTANT_CONVERSION = YES;
				CLANG_WARN_DEPRECATED_OBJC_IMPLEMENTATIONS = YES;
				CLANG_WARN_DIRECT_OBJC_ISA_USAGE = YES_ERROR;
				CLANG_WARN_DOCUMENTATION_COMMENTS = YES;
				CLANG_WARN_EMPTY_BODY = YES;
				CLANG_WARN_ENUM_CONVERSION = YES;
				CLANG_WARN_INFINITE_RECURSION = YES;
				CLANG_WARN_INT_CONVERSION = YES;
				CLANG_WARN_NON_LITERAL_NULL_CONVERSION = YES;
				CLANG_WARN_OBJC_IMPLICIT_RETAIN_SELF = YES;
				CLANG_WARN_OBJC_LITERAL_CONVERSION = YES;
				CLANG_WARN_OBJC_ROOT_CLASS = YES_ERROR;
				CLANG_WARN_RANGE_LOOP_ANALYSIS = YES;
				CLANG_WARN_STRICT_PROTOTYPES = YES;
				CLANG_WARN_SUSPICIOUS_MOVE = YES;
				CLANG_WARN_UNGUARDED_AVAILABILITY = YES_AGGRESSIVE;
				CLANG_WARN_UNREACHABLE_CODE = YES;
				CLANG_WARN__DUPLICATE_METHOD_MATCH = YES;
				CODE_SIGN_IDENTITY = "iPhone Developer";
				COPY_PHASE_STRIP = NO;
				DEBUG_INFORMATION_FORMAT = dwarf;
				ENABLE_STRICT_OBJC_MSGSEND = YES;
				ENABLE_TESTABILITY = YES;
				GCC_C_LANGUAGE_STANDARD = gnu11;
				GCC_DYNAMIC_NO_PIC = NO;
				GCC_NO_COMMON_BLOCKS = YES;
				GCC_OPTIMIZATION_LEVEL = 0;
				GCC_PREPROCESSOR_DEFINITIONS = (
					"DEBUG=1",
					"$(inherited)",
				);
				GCC_WARN_64_TO_32_BIT_CONVERSION = YES;
				GCC_WARN_ABOUT_RETURN_TYPE = YES_ERROR;
				GCC_WARN_UNDECLARED_SELECTOR = YES;
				GCC_WARN_UNINITIALIZED_AUTOS = YES_AGGRESSIVE;
				GCC_WARN_UNUSED_FUNCTION = YES;
				GCC_WARN_UNUSED_VARIABLE = YES;
				IPHONEOS_DEPLOYMENT_TARGET = 12.2;
				MTL_ENABLE_DEBUG_INFO = INCLUDE_SOURCE;
				MTL_FAST_MATH = YES;
				ONLY_ACTIVE_ARCH = YES;
				SDKROOT = iphoneos;
				SWIFT_ACTIVE_COMPILATION_CONDITIONS = DEBUG;
				SWIFT_OPTIMIZATION_LEVEL = "-Onone";
			};
			name = Debug;
		};
		501B6E2222C538A6006BB56D /* Release */ = {
			isa = XCBuildConfiguration;
			buildSettings = {
				ALWAYS_SEARCH_USER_PATHS = NO;
				CLANG_ANALYZER_NONNULL = YES;
				CLANG_ANALYZER_NUMBER_OBJECT_CONVERSION = YES_AGGRESSIVE;
				CLANG_CXX_LANGUAGE_STANDARD = "gnu++14";
				CLANG_CXX_LIBRARY = "libc++";
				CLANG_ENABLE_MODULES = YES;
				CLANG_ENABLE_OBJC_ARC = YES;
				CLANG_ENABLE_OBJC_WEAK = YES;
				CLANG_WARN_BLOCK_CAPTURE_AUTORELEASING = YES;
				CLANG_WARN_BOOL_CONVERSION = YES;
				CLANG_WARN_COMMA = YES;
				CLANG_WARN_CONSTANT_CONVERSION = YES;
				CLANG_WARN_DEPRECATED_OBJC_IMPLEMENTATIONS = YES;
				CLANG_WARN_DIRECT_OBJC_ISA_USAGE = YES_ERROR;
				CLANG_WARN_DOCUMENTATION_COMMENTS = YES;
				CLANG_WARN_EMPTY_BODY = YES;
				CLANG_WARN_ENUM_CONVERSION = YES;
				CLANG_WARN_INFINITE_RECURSION = YES;
				CLANG_WARN_INT_CONVERSION = YES;
				CLANG_WARN_NON_LITERAL_NULL_CONVERSION = YES;
				CLANG_WARN_OBJC_IMPLICIT_RETAIN_SELF = YES;
				CLANG_WARN_OBJC_LITERAL_CONVERSION = YES;
				CLANG_WARN_OBJC_ROOT_CLASS = YES_ERROR;
				CLANG_WARN_RANGE_LOOP_ANALYSIS = YES;
				CLANG_WARN_STRICT_PROTOTYPES = YES;
				CLANG_WARN_SUSPICIOUS_MOVE = YES;
				CLANG_WARN_UNGUARDED_AVAILABILITY = YES_AGGRESSIVE;
				CLANG_WARN_UNREACHABLE_CODE = YES;
				CLANG_WARN__DUPLICATE_METHOD_MATCH = YES;
				CODE_SIGN_IDENTITY = "iPhone Developer";
				COPY_PHASE_STRIP = NO;
				DEBUG_INFORMATION_FORMAT = "dwarf-with-dsym";
				ENABLE_NS_ASSERTIONS = NO;
				ENABLE_STRICT_OBJC_MSGSEND = YES;
				GCC_C_LANGUAGE_STANDARD = gnu11;
				GCC_NO_COMMON_BLOCKS = YES;
				GCC_WARN_64_TO_32_BIT_CONVERSION = YES;
				GCC_WARN_ABOUT_RETURN_TYPE = YES_ERROR;
				GCC_WARN_UNDECLARED_SELECTOR = YES;
				GCC_WARN_UNINITIALIZED_AUTOS = YES_AGGRESSIVE;
				GCC_WARN_UNUSED_FUNCTION = YES;
				GCC_WARN_UNUSED_VARIABLE = YES;
				IPHONEOS_DEPLOYMENT_TARGET = 12.2;
				MTL_ENABLE_DEBUG_INFO = NO;
				MTL_FAST_MATH = YES;
				SDKROOT = iphoneos;
				SWIFT_COMPILATION_MODE = wholemodule;
				SWIFT_OPTIMIZATION_LEVEL = "-O";
				VALIDATE_PRODUCT = YES;
			};
			name = Release;
		};
		501B6E2422C538A6006BB56D /* Debug */ = {
			isa = XCBuildConfiguration;
			buildSettings = {
				ASSETCATALOG_COMPILER_APPICON_NAME = AppIcon;
				CODE_SIGN_STYLE = Automatic;
				DEVELOPMENT_TEAM = 3D72468GWU;
				INFOPLIST_FILE = AplicacionClima/Info.plist;
				LD_RUNPATH_SEARCH_PATHS = (
					"$(inherited)",
					"@executable_path/Frameworks",
				);
				PRODUCT_BUNDLE_IDENTIFIER = rodrigo.AplicacionClima;
				PRODUCT_NAME = "$(TARGET_NAME)";
				SWIFT_VERSION = 5.0;
				TARGETED_DEVICE_FAMILY = "1,2";
			};
			name = Debug;
		};
		501B6E2522C538A6006BB56D /* Release */ = {
			isa = XCBuildConfiguration;
			buildSettings = {
				ASSETCATALOG_COMPILER_APPICON_NAME = AppIcon;
				CODE_SIGN_STYLE = Automatic;
				DEVELOPMENT_TEAM = 3D72468GWU;
				INFOPLIST_FILE = AplicacionClima/Info.plist;
				LD_RUNPATH_SEARCH_PATHS = (
					"$(inherited)",
					"@executable_path/Frameworks",
				);
				PRODUCT_BUNDLE_IDENTIFIER = rodrigo.AplicacionClima;
				PRODUCT_NAME = "$(TARGET_NAME)";
				SWIFT_VERSION = 5.0;
				TARGETED_DEVICE_FAMILY = "1,2";
			};
			name = Release;
		};
		501B6E2722C538A6006BB56D /* Debug */ = {
			isa = XCBuildConfiguration;
			buildSettings = {
				ALWAYS_EMBED_SWIFT_STANDARD_LIBRARIES = YES;
				BUNDLE_LOADER = "$(TEST_HOST)";
				CODE_SIGN_STYLE = Automatic;
				DEVELOPMENT_TEAM = 3D72468GWU;
				INFOPLIST_FILE = AplicacionClimaTests/Info.plist;
				LD_RUNPATH_SEARCH_PATHS = (
					"$(inherited)",
					"@executable_path/Frameworks",
					"@loader_path/Frameworks",
				);
				PRODUCT_BUNDLE_IDENTIFIER = rodrigo.AplicacionClimaTests;
				PRODUCT_NAME = "$(TARGET_NAME)";
				SWIFT_VERSION = 5.0;
				TARGETED_DEVICE_FAMILY = "1,2";
				TEST_HOST = "$(BUILT_PRODUCTS_DIR)/AplicacionClima.app/AplicacionClima";
			};
			name = Debug;
		};
		501B6E2822C538A6006BB56D /* Release */ = {
			isa = XCBuildConfiguration;
			buildSettings = {
				ALWAYS_EMBED_SWIFT_STANDARD_LIBRARIES = YES;
				BUNDLE_LOADER = "$(TEST_HOST)";
				CODE_SIGN_STYLE = Automatic;
				DEVELOPMENT_TEAM = 3D72468GWU;
				INFOPLIST_FILE = AplicacionClimaTests/Info.plist;
				LD_RUNPATH_SEARCH_PATHS = (
					"$(inherited)",
					"@executable_path/Frameworks",
					"@loader_path/Frameworks",
				);
				PRODUCT_BUNDLE_IDENTIFIER = rodrigo.AplicacionClimaTests;
				PRODUCT_NAME = "$(TARGET_NAME)";
				SWIFT_VERSION = 5.0;
				TARGETED_DEVICE_FAMILY = "1,2";
				TEST_HOST = "$(BUILT_PRODUCTS_DIR)/AplicacionClima.app/AplicacionClima";
			};
			name = Release;
		};
		501B6E2A22C538A6006BB56D /* Debug */ = {
			isa = XCBuildConfiguration;
			buildSettings = {
				ALWAYS_EMBED_SWIFT_STANDARD_LIBRARIES = YES;
				CODE_SIGN_STYLE = Automatic;
				DEVELOPMENT_TEAM = 3D72468GWU;
				INFOPLIST_FILE = AplicacionClimaUITests/Info.plist;
				LD_RUNPATH_SEARCH_PATHS = (
					"$(inherited)",
					"@executable_path/Frameworks",
					"@loader_path/Frameworks",
				);
				PRODUCT_BUNDLE_IDENTIFIER = rodrigo.AplicacionClimaUITests;
				PRODUCT_NAME = "$(TARGET_NAME)";
				SWIFT_VERSION = 5.0;
				TARGETED_DEVICE_FAMILY = "1,2";
				TEST_TARGET_NAME = AplicacionClima;
			};
			name = Debug;
		};
		501B6E2B22C538A6006BB56D /* Release */ = {
			isa = XCBuildConfiguration;
			buildSettings = {
				ALWAYS_EMBED_SWIFT_STANDARD_LIBRARIES = YES;
				CODE_SIGN_STYLE = Automatic;
				DEVELOPMENT_TEAM = 3D72468GWU;
				INFOPLIST_FILE = AplicacionClimaUITests/Info.plist;
				LD_RUNPATH_SEARCH_PATHS = (
					"$(inherited)",
					"@executable_path/Frameworks",
					"@loader_path/Frameworks",
				);
				PRODUCT_BUNDLE_IDENTIFIER = rodrigo.AplicacionClimaUITests;
				PRODUCT_NAME = "$(TARGET_NAME)";
				SWIFT_VERSION = 5.0;
				TARGETED_DEVICE_FAMILY = "1,2";
				TEST_TARGET_NAME = AplicacionClima;
			};
			name = Release;
		};
/* End XCBuildConfiguration section */

/* Begin XCConfigurationList section */
		501B6DF622C538A3006BB56D /* Build configuration list for PBXProject "AplicacionClima" */ = {
			isa = XCConfigurationList;
			buildConfigurations = (
				501B6E2122C538A6006BB56D /* Debug */,
				501B6E2222C538A6006BB56D /* Release */,
			);
			defaultConfigurationIsVisible = 0;
			defaultConfigurationName = Release;
		};
		501B6E2322C538A6006BB56D /* Build configuration list for PBXNativeTarget "AplicacionClima" */ = {
			isa = XCConfigurationList;
			buildConfigurations = (
				501B6E2422C538A6006BB56D /* Debug */,
				501B6E2522C538A6006BB56D /* Release */,
			);
			defaultConfigurationIsVisible = 0;
			defaultConfigurationName = Release;
		};
		501B6E2622C538A6006BB56D /* Build configuration list for PBXNativeTarget "AplicacionClimaTests" */ = {
			isa = XCConfigurationList;
			buildConfigurations = (
				501B6E2722C538A6006BB56D /* Debug */,
				501B6E2822C538A6006BB56D /* Release */,
			);
			defaultConfigurationIsVisible = 0;
			defaultConfigurationName = Release;
		};
		501B6E2922C538A6006BB56D /* Build configuration list for PBXNativeTarget "AplicacionClimaUITests" */ = {
			isa = XCConfigurationList;
			buildConfigurations = (
				501B6E2A22C538A6006BB56D /* Debug */,
				501B6E2B22C538A6006BB56D /* Release */,
			);
			defaultConfigurationIsVisible = 0;
			defaultConfigurationName = Release;
		};
/* End XCConfigurationList section */
	};
	rootObject = 501B6DF322C538A3006BB56D /* Project object */;
}
