// !$*UTF8*$!
{
	archiveVersion = 1;
	classes = {
	};
	objectVersion = 50;
	objects = {

/* Begin PBXBuildFile section */
		54A45B6B22AED43F00EB7240 /* AppDelegate.swift in Sources */ = {isa = PBXBuildFile; fileRef = 54A45B6A22AED43F00EB7240 /* AppDelegate.swift */; };
		54A45B6D22AED43F00EB7240 /* ViewController.swift in Sources */ = {isa = PBXBuildFile; fileRef = 54A45B6C22AED43F00EB7240 /* ViewController.swift */; };
		54A45B7022AED43F00EB7240 /* Main.storyboard in Resources */ = {isa = PBXBuildFile; fileRef = 54A45B6E22AED43F00EB7240 /* Main.storyboard */; };
		54A45B7222AED44500EB7240 /* Assets.xcassets in Resources */ = {isa = PBXBuildFile; fileRef = 54A45B7122AED44500EB7240 /* Assets.xcassets */; };
		54A45B7522AED44500EB7240 /* LaunchScreen.storyboard in Resources */ = {isa = PBXBuildFile; fileRef = 54A45B7322AED44500EB7240 /* LaunchScreen.storyboard */; };
		54A45B8022AED44500EB7240 /* Dia1Tests.swift in Sources */ = {isa = PBXBuildFile; fileRef = 54A45B7F22AED44500EB7240 /* Dia1Tests.swift */; };
		54A45B8B22AED44500EB7240 /* Dia1UITests.swift in Sources */ = {isa = PBXBuildFile; fileRef = 54A45B8A22AED44500EB7240 /* Dia1UITests.swift */; };
/* End PBXBuildFile section */

/* Begin PBXContainerItemProxy section */
		54A45B7C22AED44500EB7240 /* PBXContainerItemProxy */ = {
			isa = PBXContainerItemProxy;
			containerPortal = 54A45B5F22AED43F00EB7240 /* Project object */;
			proxyType = 1;
			remoteGlobalIDString = 54A45B6622AED43F00EB7240;
			remoteInfo = Dia1;
		};
		54A45B8722AED44500EB7240 /* PBXContainerItemProxy */ = {
			isa = PBXContainerItemProxy;
			containerPortal = 54A45B5F22AED43F00EB7240 /* Project object */;
			proxyType = 1;
			remoteGlobalIDString = 54A45B6622AED43F00EB7240;
			remoteInfo = Dia1;
		};
/* End PBXContainerItemProxy section */

/* Begin PBXFileReference section */
		54A45B6722AED43F00EB7240 /* Dia1.app */ = {isa = PBXFileReference; explicitFileType = wrapper.application; includeInIndex = 0; path = Dia1.app; sourceTree = BUILT_PRODUCTS_DIR; };
		54A45B6A22AED43F00EB7240 /* AppDelegate.swift */ = {isa = PBXFileReference; lastKnownFileType = sourcecode.swift; path = AppDelegate.swift; sourceTree = "<group>"; };
		54A45B6C22AED43F00EB7240 /* ViewController.swift */ = {isa = PBXFileReference; lastKnownFileType = sourcecode.swift; path = ViewController.swift; sourceTree = "<group>"; };
		54A45B6F22AED43F00EB7240 /* Base */ = {isa = PBXFileReference; lastKnownFileType = file.storyboard; name = Base; path = Base.lproj/Main.storyboard; sourceTree = "<group>"; };
		54A45B7122AED44500EB7240 /* Assets.xcassets */ = {isa = PBXFileReference; lastKnownFileType = folder.assetcatalog; path = Assets.xcassets; sourceTree = "<group>"; };
		54A45B7422AED44500EB7240 /* Base */ = {isa = PBXFileReference; lastKnownFileType = file.storyboard; name = Base; path = Base.lproj/LaunchScreen.storyboard; sourceTree = "<group>"; };
		54A45B7622AED44500EB7240 /* Info.plist */ = {isa = PBXFileReference; lastKnownFileType = text.plist.xml; path = Info.plist; sourceTree = "<group>"; };
		54A45B7B22AED44500EB7240 /* Dia1Tests.xctest */ = {isa = PBXFileReference; explicitFileType = wrapper.cfbundle; includeInIndex = 0; path = Dia1Tests.xctest; sourceTree = BUILT_PRODUCTS_DIR; };
		54A45B7F22AED44500EB7240 /* Dia1Tests.swift */ = {isa = PBXFileReference; lastKnownFileType = sourcecode.swift; path = Dia1Tests.swift; sourceTree = "<group>"; };
		54A45B8122AED44500EB7240 /* Info.plist */ = {isa = PBXFileReference; lastKnownFileType = text.plist.xml; path = Info.plist; sourceTree = "<group>"; };
		54A45B8622AED44500EB7240 /* Dia1UITests.xctest */ = {isa = PBXFileReference; explicitFileType = wrapper.cfbundle; includeInIndex = 0; path = Dia1UITests.xctest; sourceTree = BUILT_PRODUCTS_DIR; };
		54A45B8A22AED44500EB7240 /* Dia1UITests.swift */ = {isa = PBXFileReference; lastKnownFileType = sourcecode.swift; path = Dia1UITests.swift; sourceTree = "<group>"; };
		54A45B8C22AED44500EB7240 /* Info.plist */ = {isa = PBXFileReference; lastKnownFileType = text.plist.xml; path = Info.plist; sourceTree = "<group>"; };
/* End PBXFileReference section */

/* Begin PBXFrameworksBuildPhase section */
		54A45B6422AED43F00EB7240 /* Frameworks */ = {
			isa = PBXFrameworksBuildPhase;
			buildActionMask = 2147483647;
			files = (
			);
			runOnlyForDeploymentPostprocessing = 0;
		};
		54A45B7822AED44500EB7240 /* Frameworks */ = {
			isa = PBXFrameworksBuildPhase;
			buildActionMask = 2147483647;
			files = (
			);
			runOnlyForDeploymentPostprocessing = 0;
		};
		54A45B8322AED44500EB7240 /* Frameworks */ = {
			isa = PBXFrameworksBuildPhase;
			buildActionMask = 2147483647;
			files = (
			);
			runOnlyForDeploymentPostprocessing = 0;
		};
/* End PBXFrameworksBuildPhase section */

/* Begin PBXGroup section */
		54A45B5E22AED43F00EB7240 = {
			isa = PBXGroup;
			children = (
				54A45B6922AED43F00EB7240 /* Dia1 */,
				54A45B7E22AED44500EB7240 /* Dia1Tests */,
				54A45B8922AED44500EB7240 /* Dia1UITests */,
				54A45B6822AED43F00EB7240 /* Products */,
			);
			sourceTree = "<group>";
		};
		54A45B6822AED43F00EB7240 /* Products */ = {
			isa = PBXGroup;
			children = (
				54A45B6722AED43F00EB7240 /* Dia1.app */,
				54A45B7B22AED44500EB7240 /* Dia1Tests.xctest */,
				54A45B8622AED44500EB7240 /* Dia1UITests.xctest */,
			);
			name = Products;
			sourceTree = "<group>";
		};
		54A45B6922AED43F00EB7240 /* Dia1 */ = {
			isa = PBXGroup;
			children = (
				54A45B6A22AED43F00EB7240 /* AppDelegate.swift */,
				54A45B6C22AED43F00EB7240 /* ViewController.swift */,
				54A45B6E22AED43F00EB7240 /* Main.storyboard */,
				54A45B7122AED44500EB7240 /* Assets.xcassets */,
				54A45B7322AED44500EB7240 /* LaunchScreen.storyboard */,
				54A45B7622AED44500EB7240 /* Info.plist */,
			);
			path = Dia1;
			sourceTree = "<group>";
		};
		54A45B7E22AED44500EB7240 /* Dia1Tests */ = {
			isa = PBXGroup;
			children = (
				54A45B7F22AED44500EB7240 /* Dia1Tests.swift */,
				54A45B8122AED44500EB7240 /* Info.plist */,
			);
			path = Dia1Tests;
			sourceTree = "<group>";
		};
		54A45B8922AED44500EB7240 /* Dia1UITests */ = {
			isa = PBXGroup;
			children = (
				54A45B8A22AED44500EB7240 /* Dia1UITests.swift */,
				54A45B8C22AED44500EB7240 /* Info.plist */,
			);
			path = Dia1UITests;
			sourceTree = "<group>";
		};
/* End PBXGroup section */

/* Begin PBXNativeTarget section */
		54A45B6622AED43F00EB7240 /* Dia1 */ = {
			isa = PBXNativeTarget;
			buildConfigurationList = 54A45B8F22AED44500EB7240 /* Build configuration list for PBXNativeTarget "Dia1" */;
			buildPhases = (
				54A45B6322AED43F00EB7240 /* Sources */,
				54A45B6422AED43F00EB7240 /* Frameworks */,
				54A45B6522AED43F00EB7240 /* Resources */,
			);
			buildRules = (
			);
			dependencies = (
			);
			name = Dia1;
			productName = Dia1;
			productReference = 54A45B6722AED43F00EB7240 /* Dia1.app */;
			productType = "com.apple.product-type.application";
		};
		54A45B7A22AED44500EB7240 /* Dia1Tests */ = {
			isa = PBXNativeTarget;
			buildConfigurationList = 54A45B9222AED44500EB7240 /* Build configuration list for PBXNativeTarget "Dia1Tests" */;
			buildPhases = (
				54A45B7722AED44500EB7240 /* Sources */,
				54A45B7822AED44500EB7240 /* Frameworks */,
				54A45B7922AED44500EB7240 /* Resources */,
			);
			buildRules = (
			);
			dependencies = (
				54A45B7D22AED44500EB7240 /* PBXTargetDependency */,
			);
			name = Dia1Tests;
			productName = Dia1Tests;
			productReference = 54A45B7B22AED44500EB7240 /* Dia1Tests.xctest */;
			productType = "com.apple.product-type.bundle.unit-test";
		};
		54A45B8522AED44500EB7240 /* Dia1UITests */ = {
			isa = PBXNativeTarget;
			buildConfigurationList = 54A45B9522AED44500EB7240 /* Build configuration list for PBXNativeTarget "Dia1UITests" */;
			buildPhases = (
				54A45B8222AED44500EB7240 /* Sources */,
				54A45B8322AED44500EB7240 /* Frameworks */,
				54A45B8422AED44500EB7240 /* Resources */,
			);
			buildRules = (
			);
			dependencies = (
				54A45B8822AED44500EB7240 /* PBXTargetDependency */,
			);
			name = Dia1UITests;
			productName = Dia1UITests;
			productReference = 54A45B8622AED44500EB7240 /* Dia1UITests.xctest */;
			productType = "com.apple.product-type.bundle.ui-testing";
		};
/* End PBXNativeTarget section */

/* Begin PBXProject section */
		54A45B5F22AED43F00EB7240 /* Project object */ = {
			isa = PBXProject;
			attributes = {
				LastSwiftUpdateCheck = 1020;
				LastUpgradeCheck = 1020;
				ORGANIZATIONNAME = SamArtGS;
				TargetAttributes = {
					54A45B6622AED43F00EB7240 = {
						CreatedOnToolsVersion = 10.2.1;
					};
					54A45B7A22AED44500EB7240 = {
						CreatedOnToolsVersion = 10.2.1;
						TestTargetID = 54A45B6622AED43F00EB7240;
					};
					54A45B8522AED44500EB7240 = {
						CreatedOnToolsVersion = 10.2.1;
						TestTargetID = 54A45B6622AED43F00EB7240;
					};
				};
			};
			buildConfigurationList = 54A45B6222AED43F00EB7240 /* Build configuration list for PBXProject "Dia1" */;
			compatibilityVersion = "Xcode 9.3";
			developmentRegion = en;
			hasScannedForEncodings = 0;
			knownRegions = (
				en,
				Base,
			);
			mainGroup = 54A45B5E22AED43F00EB7240;
			productRefGroup = 54A45B6822AED43F00EB7240 /* Products */;
			projectDirPath = "";
			projectRoot = "";
			targets = (
				54A45B6622AED43F00EB7240 /* Dia1 */,
				54A45B7A22AED44500EB7240 /* Dia1Tests */,
				54A45B8522AED44500EB7240 /* Dia1UITests */,
			);
		};
/* End PBXProject section */

/* Begin PBXResourcesBuildPhase section */
		54A45B6522AED43F00EB7240 /* Resources */ = {
			isa = PBXResourcesBuildPhase;
			buildActionMask = 2147483647;
			files = (
				54A45B7522AED44500EB7240 /* LaunchScreen.storyboard in Resources */,
				54A45B7222AED44500EB7240 /* Assets.xcassets in Resources */,
				54A45B7022AED43F00EB7240 /* Main.storyboard in Resources */,
			);
			runOnlyForDeploymentPostprocessing = 0;
		};
		54A45B7922AED44500EB7240 /* Resources */ = {
			isa = PBXResourcesBuildPhase;
			buildActionMask = 2147483647;
			files = (
			);
			runOnlyForDeploymentPostprocessing = 0;
		};
		54A45B8422AED44500EB7240 /* Resources */ = {
			isa = PBXResourcesBuildPhase;
			buildActionMask = 2147483647;
			files = (
			);
			runOnlyForDeploymentPostprocessing = 0;
		};
/* End PBXResourcesBuildPhase section */

/* Begin PBXSourcesBuildPhase section */
		54A45B6322AED43F00EB7240 /* Sources */ = {
			isa = PBXSourcesBuildPhase;
			buildActionMask = 2147483647;
			files = (
				54A45B6D22AED43F00EB7240 /* ViewController.swift in Sources */,
				54A45B6B22AED43F00EB7240 /* AppDelegate.swift in Sources */,
			);
			runOnlyForDeploymentPostprocessing = 0;
		};
		54A45B7722AED44500EB7240 /* Sources */ = {
			isa = PBXSourcesBuildPhase;
			buildActionMask = 2147483647;
			files = (
				54A45B8022AED44500EB7240 /* Dia1Tests.swift in Sources */,
			);
			runOnlyForDeploymentPostprocessing = 0;
		};
		54A45B8222AED44500EB7240 /* Sources */ = {
			isa = PBXSourcesBuildPhase;
			buildActionMask = 2147483647;
			files = (
				54A45B8B22AED44500EB7240 /* Dia1UITests.swift in Sources */,
			);
			runOnlyForDeploymentPostprocessing = 0;
		};
/* End PBXSourcesBuildPhase section */

/* Begin PBXTargetDependency section */
		54A45B7D22AED44500EB7240 /* PBXTargetDependency */ = {
			isa = PBXTargetDependency;
			target = 54A45B6622AED43F00EB7240 /* Dia1 */;
			targetProxy = 54A45B7C22AED44500EB7240 /* PBXContainerItemProxy */;
		};
		54A45B8822AED44500EB7240 /* PBXTargetDependency */ = {
			isa = PBXTargetDependency;
			target = 54A45B6622AED43F00EB7240 /* Dia1 */;
			targetProxy = 54A45B8722AED44500EB7240 /* PBXContainerItemProxy */;
		};
/* End PBXTargetDependency section */

/* Begin PBXVariantGroup section */
		54A45B6E22AED43F00EB7240 /* Main.storyboard */ = {
			isa = PBXVariantGroup;
			children = (
				54A45B6F22AED43F00EB7240 /* Base */,
			);
			name = Main.storyboard;
			sourceTree = "<group>";
		};
		54A45B7322AED44500EB7240 /* LaunchScreen.storyboard */ = {
			isa = PBXVariantGroup;
			children = (
				54A45B7422AED44500EB7240 /* Base */,
			);
			name = LaunchScreen.storyboard;
			sourceTree = "<group>";
		};
/* End PBXVariantGroup section */

/* Begin XCBuildConfiguration section */
		54A45B8D22AED44500EB7240 /* Debug */ = {
			isa = XCBuildConfiguration;
			buildSettings = {
				ALWAYS_SEARCH_USER_PATHS = NO;
				CLANG_ANALYZER_NONNULL = YES;
				CLANG_ANALYZER_NUMBER_OBJECT_CONVERSION = YES_AGGRESSIVE;
				CLANG_CXX_LANGUAGE_STANDARD = "gnu++14";
				CLANG_CXX_LIBRARY = "libc++";
				CLANG_ENABLE_MODULES = YES;
				CLANG_ENABLE_OBJC_ARC = YES;
				CLANG_ENABLE_OBJC_WEAK = YES;
				CLANG_WARN_BLOCK_CAPTURE_AUTORELEASING = YES;
				CLANG_WARN_BOOL_CONVERSION = YES;
				CLANG_WARN_COMMA = YES;
				CLANG_WARN_CONSTANT_CONVERSION = YES;
				CLANG_WARN_DEPRECATED_OBJC_IMPLEMENTATIONS = YES;
				CLANG_WARN_DIRECT_OBJC_ISA_USAGE = YES_ERROR;
				CLANG_WARN_DOCUMENTATION_COMMENTS = YES;
				CLANG_WARN_EMPTY_BODY = YES;
				CLANG_WARN_ENUM_CONVERSION = YES;
				CLANG_WARN_INFINITE_RECURSION = YES;
				CLANG_WARN_INT_CONVERSION = YES;
				CLANG_WARN_NON_LITERAL_NULL_CONVERSION = YES;
				CLANG_WARN_OBJC_IMPLICIT_RETAIN_SELF = YES;
				CLANG_WARN_OBJC_LITERAL_CONVERSION = YES;
				CLANG_WARN_OBJC_ROOT_CLASS = YES_ERROR;
				CLANG_WARN_RANGE_LOOP_ANALYSIS = YES;
				CLANG_WARN_STRICT_PROTOTYPES = YES;
				CLANG_WARN_SUSPICIOUS_MOVE = YES;
				CLANG_WARN_UNGUARDED_AVAILABILITY = YES_AGGRESSIVE;
				CLANG_WARN_UNREACHABLE_CODE = YES;
				CLANG_WARN__DUPLICATE_METHOD_MATCH = YES;
				CODE_SIGN_IDENTITY = "iPhone Developer";
				COPY_PHASE_STRIP = NO;
				DEBUG_INFORMATION_FORMAT = dwarf;
				ENABLE_STRICT_OBJC_MSGSEND = YES;
				ENABLE_TESTABILITY = YES;
				GCC_C_LANGUAGE_STANDARD = gnu11;
				GCC_DYNAMIC_NO_PIC = NO;
				GCC_NO_COMMON_BLOCKS = YES;
				GCC_OPTIMIZATION_LEVEL = 0;
				GCC_PREPROCESSOR_DEFINITIONS = (
					"DEBUG=1",
					"$(inherited)",
				);
				GCC_WARN_64_TO_32_BIT_CONVERSION = YES;
				GCC_WARN_ABOUT_RETURN_TYPE = YES_ERROR;
				GCC_WARN_UNDECLARED_SELECTOR = YES;
				GCC_WARN_UNINITIALIZED_AUTOS = YES_AGGRESSIVE;
				GCC_WARN_UNUSED_FUNCTION = YES;
				GCC_WARN_UNUSED_VARIABLE = YES;
				IPHONEOS_DEPLOYMENT_TARGET = 12.2;
				MTL_ENABLE_DEBUG_INFO = INCLUDE_SOURCE;
				MTL_FAST_MATH = YES;
				ONLY_ACTIVE_ARCH = YES;
				SDKROOT = iphoneos;
				SWIFT_ACTIVE_COMPILATION_CONDITIONS = DEBUG;
				SWIFT_OPTIMIZATION_LEVEL = "-Onone";
			};
			name = Debug;
		};
		54A45B8E22AED44500EB7240 /* Release */ = {
			isa = XCBuildConfiguration;
			buildSettings = {
				ALWAYS_SEARCH_USER_PATHS = NO;
				CLANG_ANALYZER_NONNULL = YES;
				CLANG_ANALYZER_NUMBER_OBJECT_CONVERSION = YES_AGGRESSIVE;
				CLANG_CXX_LANGUAGE_STANDARD = "gnu++14";
				CLANG_CXX_LIBRARY = "libc++";
				CLANG_ENABLE_MODULES = YES;
				CLANG_ENABLE_OBJC_ARC = YES;
				CLANG_ENABLE_OBJC_WEAK = YES;
				CLANG_WARN_BLOCK_CAPTURE_AUTORELEASING = YES;
				CLANG_WARN_BOOL_CONVERSION = YES;
				CLANG_WARN_COMMA = YES;
				CLANG_WARN_CONSTANT_CONVERSION = YES;
				CLANG_WARN_DEPRECATED_OBJC_IMPLEMENTATIONS = YES;
				CLANG_WARN_DIRECT_OBJC_ISA_USAGE = YES_ERROR;
				CLANG_WARN_DOCUMENTATION_COMMENTS = YES;
				CLANG_WARN_EMPTY_BODY = YES;
				CLANG_WARN_ENUM_CONVERSION = YES;
				CLANG_WARN_INFINITE_RECURSION = YES;
				CLANG_WARN_INT_CONVERSION = YES;
				CLANG_WARN_NON_LITERAL_NULL_CONVERSION = YES;
				CLANG_WARN_OBJC_IMPLICIT_RETAIN_SELF = YES;
				CLANG_WARN_OBJC_LITERAL_CONVERSION = YES;
				CLANG_WARN_OBJC_ROOT_CLASS = YES_ERROR;
				CLANG_WARN_RANGE_LOOP_ANALYSIS = YES;
				CLANG_WARN_STRICT_PROTOTYPES = YES;
				CLANG_WARN_SUSPICIOUS_MOVE = YES;
				CLANG_WARN_UNGUARDED_AVAILABILITY = YES_AGGRESSIVE;
				CLANG_WARN_UNREACHABLE_CODE = YES;
				CLANG_WARN__DUPLICATE_METHOD_MATCH = YES;
				CODE_SIGN_IDENTITY = "iPhone Developer";
				COPY_PHASE_STRIP = NO;
				DEBUG_INFORMATION_FORMAT = "dwarf-with-dsym";
				ENABLE_NS_ASSERTIONS = NO;
				ENABLE_STRICT_OBJC_MSGSEND = YES;
				GCC_C_LANGUAGE_STANDARD = gnu11;
				GCC_NO_COMMON_BLOCKS = YES;
				GCC_WARN_64_TO_32_BIT_CONVERSION = YES;
				GCC_WARN_ABOUT_RETURN_TYPE = YES_ERROR;
				GCC_WARN_UNDECLARED_SELECTOR = YES;
				GCC_WARN_UNINITIALIZED_AUTOS = YES_AGGRESSIVE;
				GCC_WARN_UNUSED_FUNCTION = YES;
				GCC_WARN_UNUSED_VARIABLE = YES;
				IPHONEOS_DEPLOYMENT_TARGET = 12.2;
				MTL_ENABLE_DEBUG_INFO = NO;
				MTL_FAST_MATH = YES;
				SDKROOT = iphoneos;
				SWIFT_COMPILATION_MODE = wholemodule;
				SWIFT_OPTIMIZATION_LEVEL = "-O";
				VALIDATE_PRODUCT = YES;
			};
			name = Release;
		};
		54A45B9022AED44500EB7240 /* Debug */ = {
			isa = XCBuildConfiguration;
			buildSettings = {
				ASSETCATALOG_COMPILER_APPICON_NAME = AppIcon;
				CODE_SIGN_STYLE = Automatic;
				DEVELOPMENT_TEAM = FDTCRD4BVY;
				INFOPLIST_FILE = Dia1/Info.plist;
				LD_RUNPATH_SEARCH_PATHS = (
					"$(inherited)",
					"@executable_path/Frameworks",
				);
				PRODUCT_BUNDLE_IDENTIFIER = SamArtGS.Dia1;
				PRODUCT_NAME = "$(TARGET_NAME)";
				SWIFT_VERSION = 5.0;
				TARGETED_DEVICE_FAMILY = "1,2";
			};
			name = Debug;
		};
		54A45B9122AED44500EB7240 /* Release */ = {
			isa = XCBuildConfiguration;
			buildSettings = {
				ASSETCATALOG_COMPILER_APPICON_NAME = AppIcon;
				CODE_SIGN_STYLE = Automatic;
				DEVELOPMENT_TEAM = FDTCRD4BVY;
				INFOPLIST_FILE = Dia1/Info.plist;
				LD_RUNPATH_SEARCH_PATHS = (
					"$(inherited)",
					"@executable_path/Frameworks",
				);
				PRODUCT_BUNDLE_IDENTIFIER = SamArtGS.Dia1;
				PRODUCT_NAME = "$(TARGET_NAME)";
				SWIFT_VERSION = 5.0;
				TARGETED_DEVICE_FAMILY = "1,2";
			};
			name = Release;
		};
		54A45B9322AED44500EB7240 /* Debug */ = {
			isa = XCBuildConfiguration;
			buildSettings = {
				ALWAYS_EMBED_SWIFT_STANDARD_LIBRARIES = YES;
				BUNDLE_LOADER = "$(TEST_HOST)";
				CODE_SIGN_STYLE = Automatic;
				DEVELOPMENT_TEAM = FDTCRD4BVY;
				INFOPLIST_FILE = Dia1Tests/Info.plist;
				LD_RUNPATH_SEARCH_PATHS = (
					"$(inherited)",
					"@executable_path/Frameworks",
					"@loader_path/Frameworks",
				);
				PRODUCT_BUNDLE_IDENTIFIER = SamArtGS.Dia1Tests;
				PRODUCT_NAME = "$(TARGET_NAME)";
				SWIFT_VERSION = 5.0;
				TARGETED_DEVICE_FAMILY = "1,2";
				TEST_HOST = "$(BUILT_PRODUCTS_DIR)/Dia1.app/Dia1";
			};
			name = Debug;
		};
		54A45B9422AED44500EB7240 /* Release */ = {
			isa = XCBuildConfiguration;
			buildSettings = {
				ALWAYS_EMBED_SWIFT_STANDARD_LIBRARIES = YES;
				BUNDLE_LOADER = "$(TEST_HOST)";
				CODE_SIGN_STYLE = Automatic;
				DEVELOPMENT_TEAM = FDTCRD4BVY;
				INFOPLIST_FILE = Dia1Tests/Info.plist;
				LD_RUNPATH_SEARCH_PATHS = (
					"$(inherited)",
					"@executable_path/Frameworks",
					"@loader_path/Frameworks",
				);
				PRODUCT_BUNDLE_IDENTIFIER = SamArtGS.Dia1Tests;
				PRODUCT_NAME = "$(TARGET_NAME)";
				SWIFT_VERSION = 5.0;
				TARGETED_DEVICE_FAMILY = "1,2";
				TEST_HOST = "$(BUILT_PRODUCTS_DIR)/Dia1.app/Dia1";
			};
			name = Release;
		};
		54A45B9622AED44500EB7240 /* Debug */ = {
			isa = XCBuildConfiguration;
			buildSettings = {
				ALWAYS_EMBED_SWIFT_STANDARD_LIBRARIES = YES;
				CODE_SIGN_STYLE = Automatic;
				DEVELOPMENT_TEAM = FDTCRD4BVY;
				INFOPLIST_FILE = Dia1UITests/Info.plist;
				LD_RUNPATH_SEARCH_PATHS = (
					"$(inherited)",
					"@executable_path/Frameworks",
					"@loader_path/Frameworks",
				);
				PRODUCT_BUNDLE_IDENTIFIER = SamArtGS.Dia1UITests;
				PRODUCT_NAME = "$(TARGET_NAME)";
				SWIFT_VERSION = 5.0;
				TARGETED_DEVICE_FAMILY = "1,2";
				TEST_TARGET_NAME = Dia1;
			};
			name = Debug;
		};
		54A45B9722AED44500EB7240 /* Release */ = {
			isa = XCBuildConfiguration;
			buildSettings = {
				ALWAYS_EMBED_SWIFT_STANDARD_LIBRARIES = YES;
				CODE_SIGN_STYLE = Automatic;
				DEVELOPMENT_TEAM = FDTCRD4BVY;
				INFOPLIST_FILE = Dia1UITests/Info.plist;
				LD_RUNPATH_SEARCH_PATHS = (
					"$(inherited)",
					"@executable_path/Frameworks",
					"@loader_path/Frameworks",
				);
				PRODUCT_BUNDLE_IDENTIFIER = SamArtGS.Dia1UITests;
				PRODUCT_NAME = "$(TARGET_NAME)";
				SWIFT_VERSION = 5.0;
				TARGETED_DEVICE_FAMILY = "1,2";
				TEST_TARGET_NAME = Dia1;
			};
			name = Release;
		};
/* End XCBuildConfiguration section */

/* Begin XCConfigurationList section */
		54A45B6222AED43F00EB7240 /* Build configuration list for PBXProject "Dia1" */ = {
			isa = XCConfigurationList;
			buildConfigurations = (
				54A45B8D22AED44500EB7240 /* Debug */,
				54A45B8E22AED44500EB7240 /* Release */,
			);
			defaultConfigurationIsVisible = 0;
			defaultConfigurationName = Release;
		};
		54A45B8F22AED44500EB7240 /* Build configuration list for PBXNativeTarget "Dia1" */ = {
			isa = XCConfigurationList;
			buildConfigurations = (
				54A45B9022AED44500EB7240 /* Debug */,
				54A45B9122AED44500EB7240 /* Release */,
			);
			defaultConfigurationIsVisible = 0;
			defaultConfigurationName = Release;
		};
		54A45B9222AED44500EB7240 /* Build configuration list for PBXNativeTarget "Dia1Tests" */ = {
			isa = XCConfigurationList;
			buildConfigurations = (
				54A45B9322AED44500EB7240 /* Debug */,
				54A45B9422AED44500EB7240 /* Release */,
			);
			defaultConfigurationIsVisible = 0;
			defaultConfigurationName = Release;
		};
		54A45B9522AED44500EB7240 /* Build configuration list for PBXNativeTarget "Dia1UITests" */ = {
			isa = XCConfigurationList;
			buildConfigurations = (
				54A45B9622AED44500EB7240 /* Debug */,
				54A45B9722AED44500EB7240 /* Release */,
			);
			defaultConfigurationIsVisible = 0;
			defaultConfigurationName = Release;
		};
/* End XCConfigurationList section */
	};
	rootObject = 54A45B5F22AED43F00EB7240 /* Project object */;
}
